// !$*UTF8*$!
{
	archiveVersion = 1;
	classes = {
	};
	objectVersion = 46;
	objects = {

/* Begin PBXBuildFile section */
		087286A41DB66F5C00FB76CA /* CSPFBLoginManeger.swift in Sources */ = {isa = PBXBuildFile; fileRef = 087286A31DB66F5C00FB76CA /* CSPFBLoginManeger.swift */; };
		731B100F1DB1DDE5008AB810 /* CSPLoginViewController.swift in Sources */ = {isa = PBXBuildFile; fileRef = 731B100E1DB1DDE5008AB810 /* CSPLoginViewController.swift */; };
		737E4FB51DE2993000129A8E /* CSPFBTokenSession.swift in Sources */ = {isa = PBXBuildFile; fileRef = 737E4FB41DE2993000129A8E /* CSPFBTokenSession.swift */; };
		73C03B1D1DCA1656000B1C3B /* CSPFBUser.swift in Sources */ = {isa = PBXBuildFile; fileRef = 73C03B1C1DCA1656000B1C3B /* CSPFBUser.swift */; };
		73C03B1F1DCA17C1000B1C3B /* CSPFBPictureProfile.swift in Sources */ = {isa = PBXBuildFile; fileRef = 73C03B1E1DCA17C1000B1C3B /* CSPFBPictureProfile.swift */; };
		73C03B211DCA2BA7000B1C3B /* CSPHomeViewController.swift in Sources */ = {isa = PBXBuildFile; fileRef = 73C03B201DCA2BA7000B1C3B /* CSPHomeViewController.swift */; };
		73C03B231DCA324C000B1C3B /* CSPMenuOptions.swift in Sources */ = {isa = PBXBuildFile; fileRef = 73C03B221DCA324C000B1C3B /* CSPMenuOptions.swift */; };
		73C03B251DCABA7F000B1C3B /* CSPFBCoverPicture.swift in Sources */ = {isa = PBXBuildFile; fileRef = 73C03B241DCABA7F000B1C3B /* CSPFBCoverPicture.swift */; };
		73D364FB1DCE4F270083826F /* CSPLoading.swift in Sources */ = {isa = PBXBuildFile; fileRef = 73D364FA1DCE4F270083826F /* CSPLoading.swift */; };
		73D364FE1DCE4FAE0083826F /* CSPLoading.xib in Resources */ = {isa = PBXBuildFile; fileRef = 73D364FD1DCE4FAE0083826F /* CSPLoading.xib */; };
		73D365001DCE695D0083826F /* CSPCurrentUser.swift in Sources */ = {isa = PBXBuildFile; fileRef = 73D364FF1DCE695D0083826F /* CSPCurrentUser.swift */; };
		73FE03531DA1FAC0003C321E /* AppDelegate.swift in Sources */ = {isa = PBXBuildFile; fileRef = 73FE03521DA1FAC0003C321E /* AppDelegate.swift */; };
		73FE03581DA1FAC0003C321E /* Main.storyboard in Resources */ = {isa = PBXBuildFile; fileRef = 73FE03561DA1FAC0003C321E /* Main.storyboard */; };
		73FE035A1DA1FAC0003C321E /* Assets.xcassets in Resources */ = {isa = PBXBuildFile; fileRef = 73FE03591DA1FAC0003C321E /* Assets.xcassets */; };
		73FE035D1DA1FAC0003C321E /* LaunchScreen.storyboard in Resources */ = {isa = PBXBuildFile; fileRef = 73FE035B1DA1FAC0003C321E /* LaunchScreen.storyboard */; };
		BC69BA393F9FA8DAA3B3667F /* Pods_CSP.framework in Frameworks */ = {isa = PBXBuildFile; fileRef = 2868DAF9BFA28945A21DCC6F /* Pods_CSP.framework */; };
/* End PBXBuildFile section */

/* Begin PBXContainerItemProxy section */
		73FE03641DA1FAC0003C321E /* PBXContainerItemProxy */ = {
			isa = PBXContainerItemProxy;
			containerPortal = 73FE03471DA1FAC0003C321E /* Project object */;
			proxyType = 1;
			remoteGlobalIDString = 73FE034E1DA1FAC0003C321E;
			remoteInfo = CheckSelfPost;
		};
		73FE036F1DA1FAC0003C321E /* PBXContainerItemProxy */ = {
			isa = PBXContainerItemProxy;
			containerPortal = 73FE03471DA1FAC0003C321E /* Project object */;
			proxyType = 1;
			remoteGlobalIDString = 73FE034E1DA1FAC0003C321E;
			remoteInfo = CheckSelfPost;
		};
/* End PBXContainerItemProxy section */

/* Begin PBXFileReference section */
		087286A11DB65D3200FB76CA /* CSP.entitlements */ = {isa = PBXFileReference; lastKnownFileType = text.plist.entitlements; path = CSP.entitlements; sourceTree = "<group>"; };
		087286A31DB66F5C00FB76CA /* CSPFBLoginManeger.swift */ = {isa = PBXFileReference; fileEncoding = 4; lastKnownFileType = sourcecode.swift; path = CSPFBLoginManeger.swift; sourceTree = "<group>"; };
		1454B883E65413990343439A /* Pods-CSP.release.xcconfig */ = {isa = PBXFileReference; includeInIndex = 1; lastKnownFileType = text.xcconfig; name = "Pods-CSP.release.xcconfig"; path = "Pods/Target Support Files/Pods-CSP/Pods-CSP.release.xcconfig"; sourceTree = "<group>"; };
		2868DAF9BFA28945A21DCC6F /* Pods_CSP.framework */ = {isa = PBXFileReference; explicitFileType = wrapper.framework; includeInIndex = 0; path = Pods_CSP.framework; sourceTree = BUILT_PRODUCTS_DIR; };
		731B100E1DB1DDE5008AB810 /* CSPLoginViewController.swift */ = {isa = PBXFileReference; fileEncoding = 4; lastKnownFileType = sourcecode.swift; lineEnding = 0; path = CSPLoginViewController.swift; sourceTree = "<group>"; xcLanguageSpecificationIdentifier = xcode.lang.swift; };
		737E4FB41DE2993000129A8E /* CSPFBTokenSession.swift */ = {isa = PBXFileReference; fileEncoding = 4; lastKnownFileType = sourcecode.swift; path = CSPFBTokenSession.swift; sourceTree = "<group>"; };
		73C03B1C1DCA1656000B1C3B /* CSPFBUser.swift */ = {isa = PBXFileReference; fileEncoding = 4; lastKnownFileType = sourcecode.swift; path = CSPFBUser.swift; sourceTree = "<group>"; };
		73C03B1E1DCA17C1000B1C3B /* CSPFBPictureProfile.swift */ = {isa = PBXFileReference; fileEncoding = 4; lastKnownFileType = sourcecode.swift; path = CSPFBPictureProfile.swift; sourceTree = "<group>"; };
		73C03B201DCA2BA7000B1C3B /* CSPHomeViewController.swift */ = {isa = PBXFileReference; fileEncoding = 4; lastKnownFileType = sourcecode.swift; path = CSPHomeViewController.swift; sourceTree = "<group>"; };
		73C03B221DCA324C000B1C3B /* CSPMenuOptions.swift */ = {isa = PBXFileReference; fileEncoding = 4; lastKnownFileType = sourcecode.swift; path = CSPMenuOptions.swift; sourceTree = "<group>"; };
		73C03B241DCABA7F000B1C3B /* CSPFBCoverPicture.swift */ = {isa = PBXFileReference; fileEncoding = 4; lastKnownFileType = sourcecode.swift; path = CSPFBCoverPicture.swift; sourceTree = "<group>"; };
		73D364FA1DCE4F270083826F /* CSPLoading.swift */ = {isa = PBXFileReference; fileEncoding = 4; lastKnownFileType = sourcecode.swift; path = CSPLoading.swift; sourceTree = "<group>"; };
		73D364FD1DCE4FAE0083826F /* CSPLoading.xib */ = {isa = PBXFileReference; fileEncoding = 4; lastKnownFileType = file.xib; path = CSPLoading.xib; sourceTree = "<group>"; };
		73D364FF1DCE695D0083826F /* CSPCurrentUser.swift */ = {isa = PBXFileReference; fileEncoding = 4; lastKnownFileType = sourcecode.swift; path = CSPCurrentUser.swift; sourceTree = "<group>"; };
		73FE034F1DA1FAC0003C321E /* CSP.app */ = {isa = PBXFileReference; explicitFileType = wrapper.application; includeInIndex = 0; path = CSP.app; sourceTree = BUILT_PRODUCTS_DIR; };
		73FE03521DA1FAC0003C321E /* AppDelegate.swift */ = {isa = PBXFileReference; lastKnownFileType = sourcecode.swift; lineEnding = 0; path = AppDelegate.swift; sourceTree = "<group>"; xcLanguageSpecificationIdentifier = xcode.lang.swift; };
		73FE03571DA1FAC0003C321E /* Base */ = {isa = PBXFileReference; lastKnownFileType = file.storyboard; name = Base; path = Base.lproj/Main.storyboard; sourceTree = "<group>"; };
		73FE03591DA1FAC0003C321E /* Assets.xcassets */ = {isa = PBXFileReference; lastKnownFileType = folder.assetcatalog; path = Assets.xcassets; sourceTree = "<group>"; };
		73FE035C1DA1FAC0003C321E /* Base */ = {isa = PBXFileReference; lastKnownFileType = file.storyboard; name = Base; path = Base.lproj/LaunchScreen.storyboard; sourceTree = "<group>"; };
		73FE035E1DA1FAC0003C321E /* Info.plist */ = {isa = PBXFileReference; lastKnownFileType = text.plist.xml; path = Info.plist; sourceTree = "<group>"; };
		73FE03631DA1FAC0003C321E /* CSPTests.xctest */ = {isa = PBXFileReference; explicitFileType = wrapper.cfbundle; includeInIndex = 0; path = CSPTests.xctest; sourceTree = BUILT_PRODUCTS_DIR; };
		73FE036E1DA1FAC0003C321E /* CSPUITests.xctest */ = {isa = PBXFileReference; explicitFileType = wrapper.cfbundle; includeInIndex = 0; path = CSPUITests.xctest; sourceTree = BUILT_PRODUCTS_DIR; };
		D8523586F047514DBD5DCED7 /* Pods-CSP.debug.xcconfig */ = {isa = PBXFileReference; includeInIndex = 1; lastKnownFileType = text.xcconfig; name = "Pods-CSP.debug.xcconfig"; path = "Pods/Target Support Files/Pods-CSP/Pods-CSP.debug.xcconfig"; sourceTree = "<group>"; };
/* End PBXFileReference section */

/* Begin PBXFrameworksBuildPhase section */
		73FE034C1DA1FAC0003C321E /* Frameworks */ = {
			isa = PBXFrameworksBuildPhase;
			buildActionMask = 2147483647;
			files = (
				BC69BA393F9FA8DAA3B3667F /* Pods_CSP.framework in Frameworks */,
			);
			runOnlyForDeploymentPostprocessing = 0;
		};
		73FE03601DA1FAC0003C321E /* Frameworks */ = {
			isa = PBXFrameworksBuildPhase;
			buildActionMask = 2147483647;
			files = (
			);
			runOnlyForDeploymentPostprocessing = 0;
		};
		73FE036B1DA1FAC0003C321E /* Frameworks */ = {
			isa = PBXFrameworksBuildPhase;
			buildActionMask = 2147483647;
			files = (
			);
			runOnlyForDeploymentPostprocessing = 0;
		};
/* End PBXFrameworksBuildPhase section */

/* Begin PBXGroup section */
		087286A21DB66F2700FB76CA /* Utils */ = {
			isa = PBXGroup;
			children = (
				087286A31DB66F5C00FB76CA /* CSPFBLoginManeger.swift */,
				73C03B221DCA324C000B1C3B /* CSPMenuOptions.swift */,
				73D364FA1DCE4F270083826F /* CSPLoading.swift */,
			);
			name = Utils;
			sourceTree = "<group>";
		};
		731B100B1DB1DD6F008AB810 /* Model */ = {
			isa = PBXGroup;
			children = (
				73C03B1C1DCA1656000B1C3B /* CSPFBUser.swift */,
				73C03B1E1DCA17C1000B1C3B /* CSPFBPictureProfile.swift */,
				73C03B241DCABA7F000B1C3B /* CSPFBCoverPicture.swift */,
				73D364FF1DCE695D0083826F /* CSPCurrentUser.swift */,
				737E4FB41DE2993000129A8E /* CSPFBTokenSession.swift */,
			);
			name = Model;
			sourceTree = "<group>";
		};
		731B100C1DB1DD75008AB810 /* ViewControllers */ = {
			isa = PBXGroup;
			children = (
				731B100E1DB1DDE5008AB810 /* CSPLoginViewController.swift */,
				73C03B201DCA2BA7000B1C3B /* CSPHomeViewController.swift */,
			);
			name = ViewControllers;
			sourceTree = "<group>";
		};
		731B100D1DB1DD82008AB810 /* Services */ = {
			isa = PBXGroup;
			children = (
			);
			name = Services;
			sourceTree = "<group>";
		};
		73D364FC1DCE4F860083826F /* Xibs */ = {
			isa = PBXGroup;
			children = (
				73D364FD1DCE4FAE0083826F /* CSPLoading.xib */,
			);
			name = Xibs;
			sourceTree = "<group>";
		};
		73FE03461DA1FAC0003C321E = {
			isa = PBXGroup;
			children = (
				087286A11DB65D3200FB76CA /* CSP.entitlements */,
				73FE03511DA1FAC0003C321E /* CSP */,
				73FE03501DA1FAC0003C321E /* Products */,
				A2A7574E52870E1BE1ED6D6B /* Pods */,
				BD6F8EE962834E2262F43CDF /* Frameworks */,
			);
			sourceTree = "<group>";
		};
		73FE03501DA1FAC0003C321E /* Products */ = {
			isa = PBXGroup;
			children = (
				73FE034F1DA1FAC0003C321E /* CSP.app */,
				73FE03631DA1FAC0003C321E /* CSPTests.xctest */,
				73FE036E1DA1FAC0003C321E /* CSPUITests.xctest */,
			);
			name = Products;
			sourceTree = "<group>";
		};
		73FE03511DA1FAC0003C321E /* CSP */ = {
			isa = PBXGroup;
			children = (
				73FE03521DA1FAC0003C321E /* AppDelegate.swift */,
				731B100B1DB1DD6F008AB810 /* Model */,
				731B100C1DB1DD75008AB810 /* ViewControllers */,
				731B100D1DB1DD82008AB810 /* Services */,
				087286A21DB66F2700FB76CA /* Utils */,
				73D364FC1DCE4F860083826F /* Xibs */,
				73FE03591DA1FAC0003C321E /* Assets.xcassets */,
				73FE03561DA1FAC0003C321E /* Main.storyboard */,
				73FE035B1DA1FAC0003C321E /* LaunchScreen.storyboard */,
				73FE035E1DA1FAC0003C321E /* Info.plist */,
			);
			name = CSP;
			path = CheckSelfPost;
			sourceTree = "<group>";
		};
		A2A7574E52870E1BE1ED6D6B /* Pods */ = {
			isa = PBXGroup;
			children = (
				D8523586F047514DBD5DCED7 /* Pods-CSP.debug.xcconfig */,
				1454B883E65413990343439A /* Pods-CSP.release.xcconfig */,
			);
			name = Pods;
			sourceTree = "<group>";
		};
		BD6F8EE962834E2262F43CDF /* Frameworks */ = {
			isa = PBXGroup;
			children = (
				2868DAF9BFA28945A21DCC6F /* Pods_CSP.framework */,
			);
			name = Frameworks;
			sourceTree = "<group>";
		};
/* End PBXGroup section */

/* Begin PBXNativeTarget section */
		73FE034E1DA1FAC0003C321E /* CSP */ = {
			isa = PBXNativeTarget;
			buildConfigurationList = 73FE03771DA1FAC0003C321E /* Build configuration list for PBXNativeTarget "CSP" */;
			buildPhases = (
				0B654EC21D5A6202D5EE0BA9 /* [CP] Check Pods Manifest.lock */,
				1C3EAB7C7484BACDD35AB5BD /* [CP] Check Pods Manifest.lock */,
				73FE034B1DA1FAC0003C321E /* Sources */,
				73FE034C1DA1FAC0003C321E /* Frameworks */,
				73FE034D1DA1FAC0003C321E /* Resources */,
				C62FFD97B7BA5E69FF26820F /* [CP] Embed Pods Frameworks */,
				2047C90E4E4055E8C7CDE64C /* [CP] Copy Pods Resources */,
				9600B9FF13D2CD9E1445B41C /* 📦 Embed Pods Frameworks */,
				751C4D81F81F782A68052BAE /* 📦 Copy Pods Resources */,
			);
			buildRules = (
			);
			dependencies = (
			);
			name = CSP;
			productName = CheckSelfPost;
			productReference = 73FE034F1DA1FAC0003C321E /* CSP.app */;
			productType = "com.apple.product-type.application";
		};
		73FE03621DA1FAC0003C321E /* CSPTests */ = {
			isa = PBXNativeTarget;
			buildConfigurationList = 73FE037A1DA1FAC0003C321E /* Build configuration list for PBXNativeTarget "CSPTests" */;
			buildPhases = (
				73FE035F1DA1FAC0003C321E /* Sources */,
				73FE03601DA1FAC0003C321E /* Frameworks */,
				73FE03611DA1FAC0003C321E /* Resources */,
			);
			buildRules = (
			);
			dependencies = (
				73FE03651DA1FAC0003C321E /* PBXTargetDependency */,
			);
			name = CSPTests;
			productName = CheckSelfPostTests;
			productReference = 73FE03631DA1FAC0003C321E /* CSPTests.xctest */;
			productType = "com.apple.product-type.bundle.unit-test";
		};
		73FE036D1DA1FAC0003C321E /* CSPUITests */ = {
			isa = PBXNativeTarget;
			buildConfigurationList = 73FE037D1DA1FAC0003C321E /* Build configuration list for PBXNativeTarget "CSPUITests" */;
			buildPhases = (
				73FE036A1DA1FAC0003C321E /* Sources */,
				73FE036B1DA1FAC0003C321E /* Frameworks */,
				73FE036C1DA1FAC0003C321E /* Resources */,
			);
			buildRules = (
			);
			dependencies = (
				73FE03701DA1FAC0003C321E /* PBXTargetDependency */,
			);
			name = CSPUITests;
			productName = CheckSelfPostUITests;
			productReference = 73FE036E1DA1FAC0003C321E /* CSPUITests.xctest */;
			productType = "com.apple.product-type.bundle.ui-testing";
		};
/* End PBXNativeTarget section */

/* Begin PBXProject section */
		73FE03471DA1FAC0003C321E /* Project object */ = {
			isa = PBXProject;
			attributes = {
				LastSwiftUpdateCheck = 0800;
				LastUpgradeCheck = 0810;
				ORGANIZATIONNAME = "Renato Machado";
				TargetAttributes = {
					73FE034E1DA1FAC0003C321E = {
						CreatedOnToolsVersion = 8.0;
						DevelopmentTeam = 39N9FX32MH;
						LastSwiftMigration = 0800;
						ProvisioningStyle = Automatic;
						SystemCapabilities = {
							com.apple.Keychain = {
								enabled = 1;
							};
						};
					};
					73FE03621DA1FAC0003C321E = {
						CreatedOnToolsVersion = 8.0;
						DevelopmentTeam = W2JS3YXSKF;
						LastSwiftMigration = 0800;
						ProvisioningStyle = Automatic;
						TestTargetID = 73FE034E1DA1FAC0003C321E;
					};
					73FE036D1DA1FAC0003C321E = {
						CreatedOnToolsVersion = 8.0;
						DevelopmentTeam = W2JS3YXSKF;
						LastSwiftMigration = 0800;
						ProvisioningStyle = Automatic;
						TestTargetID = 73FE034E1DA1FAC0003C321E;
					};
				};
			};
			buildConfigurationList = 73FE034A1DA1FAC0003C321E /* Build configuration list for PBXProject "CSP" */;
			compatibilityVersion = "Xcode 3.2";
			developmentRegion = English;
			hasScannedForEncodings = 0;
			knownRegions = (
				en,
				Base,
			);
			mainGroup = 73FE03461DA1FAC0003C321E;
			productRefGroup = 73FE03501DA1FAC0003C321E /* Products */;
			projectDirPath = "";
			projectRoot = "";
			targets = (
				73FE034E1DA1FAC0003C321E /* CSP */,
				73FE03621DA1FAC0003C321E /* CSPTests */,
				73FE036D1DA1FAC0003C321E /* CSPUITests */,
			);
		};
/* End PBXProject section */

/* Begin PBXResourcesBuildPhase section */
		73FE034D1DA1FAC0003C321E /* Resources */ = {
			isa = PBXResourcesBuildPhase;
			buildActionMask = 2147483647;
			files = (
				73FE035D1DA1FAC0003C321E /* LaunchScreen.storyboard in Resources */,
				73FE035A1DA1FAC0003C321E /* Assets.xcassets in Resources */,
				73FE03581DA1FAC0003C321E /* Main.storyboard in Resources */,
				73D364FE1DCE4FAE0083826F /* CSPLoading.xib in Resources */,
			);
			runOnlyForDeploymentPostprocessing = 0;
		};
		73FE03611DA1FAC0003C321E /* Resources */ = {
			isa = PBXResourcesBuildPhase;
			buildActionMask = 2147483647;
			files = (
			);
			runOnlyForDeploymentPostprocessing = 0;
		};
		73FE036C1DA1FAC0003C321E /* Resources */ = {
			isa = PBXResourcesBuildPhase;
			buildActionMask = 2147483647;
			files = (
			);
			runOnlyForDeploymentPostprocessing = 0;
		};
/* End PBXResourcesBuildPhase section */

/* Begin PBXShellScriptBuildPhase section */
		0B654EC21D5A6202D5EE0BA9 /* [CP] Check Pods Manifest.lock */ = {
			isa = PBXShellScriptBuildPhase;
			buildActionMask = 2147483647;
			files = (
			);
			inputPaths = (
			);
			name = "[CP] Check Pods Manifest.lock";
			outputPaths = (
			);
			runOnlyForDeploymentPostprocessing = 0;
			shellPath = /bin/sh;
			shellScript = "diff \"${PODS_ROOT}/../Podfile.lock\" \"${PODS_ROOT}/Manifest.lock\" > /dev/null\nif [ $? != 0 ] ; then\n    # print error to STDERR\n    echo \"error: The sandbox is not in sync with the Podfile.lock. Run 'pod install' or update your CocoaPods installation.\" >&2\n    exit 1\nfi\n";
			showEnvVarsInLog = 0;
		};
		1C3EAB7C7484BACDD35AB5BD /* [CP] Check Pods Manifest.lock */ = {
			isa = PBXShellScriptBuildPhase;
			buildActionMask = 2147483647;
			files = (
			);
			inputPaths = (
			);
			name = "[CP] Check Pods Manifest.lock";
			outputPaths = (
			);
			runOnlyForDeploymentPostprocessing = 0;
			shellPath = /bin/sh;
			shellScript = "diff \"${PODS_ROOT}/../Podfile.lock\" \"${PODS_ROOT}/Manifest.lock\" > /dev/null\nif [[ $? != 0 ]] ; then\n    cat << EOM\nerror: The sandbox is not in sync with the Podfile.lock. Run 'pod install' or update your CocoaPods installation.\nEOM\n    exit 1\nfi\n";
			showEnvVarsInLog = 0;
		};
		2047C90E4E4055E8C7CDE64C /* [CP] Copy Pods Resources */ = {
			isa = PBXShellScriptBuildPhase;
			buildActionMask = 2147483647;
			files = (
			);
			inputPaths = (
			);
			name = "[CP] Copy Pods Resources";
			outputPaths = (
			);
			runOnlyForDeploymentPostprocessing = 0;
			shellPath = /bin/sh;
			shellScript = "\"${SRCROOT}/Pods/Target Support Files/Pods-CSP/Pods-CSP-resources.sh\"\n";
			showEnvVarsInLog = 0;
		};
		751C4D81F81F782A68052BAE /* 📦 Copy Pods Resources */ = {
			isa = PBXShellScriptBuildPhase;
			buildActionMask = 2147483647;
			files = (
			);
			inputPaths = (
			);
			name = "📦 Copy Pods Resources";
			outputPaths = (
			);
			runOnlyForDeploymentPostprocessing = 0;
			shellPath = /bin/sh;
			shellScript = "\"${SRCROOT}/Pods/Target Support Files/Pods-CSP/Pods-CSP-resources.sh\"\n";
			showEnvVarsInLog = 0;
		};
		9600B9FF13D2CD9E1445B41C /* 📦 Embed Pods Frameworks */ = {
			isa = PBXShellScriptBuildPhase;
			buildActionMask = 2147483647;
			files = (
			);
			inputPaths = (
			);
			name = "📦 Embed Pods Frameworks";
			outputPaths = (
			);
			runOnlyForDeploymentPostprocessing = 0;
			shellPath = /bin/sh;
			shellScript = "\"${SRCROOT}/Pods/Target Support Files/Pods-CSP/Pods-CSP-frameworks.sh\"\n";
			showEnvVarsInLog = 0;
		};
		C62FFD97B7BA5E69FF26820F /* [CP] Embed Pods Frameworks */ = {
			isa = PBXShellScriptBuildPhase;
			buildActionMask = 2147483647;
			files = (
			);
			inputPaths = (
			);
			name = "[CP] Embed Pods Frameworks";
			outputPaths = (
			);
			runOnlyForDeploymentPostprocessing = 0;
			shellPath = /bin/sh;
			shellScript = "\"${SRCROOT}/Pods/Target Support Files/Pods-CSP/Pods-CSP-frameworks.sh\"\n";
			showEnvVarsInLog = 0;
		};
/* End PBXShellScriptBuildPhase section */

/* Begin PBXSourcesBuildPhase section */
		73FE034B1DA1FAC0003C321E /* Sources */ = {
			isa = PBXSourcesBuildPhase;
			buildActionMask = 2147483647;
			files = (
				73C03B211DCA2BA7000B1C3B /* CSPHomeViewController.swift in Sources */,
				73FE03531DA1FAC0003C321E /* AppDelegate.swift in Sources */,
				73D364FB1DCE4F270083826F /* CSPLoading.swift in Sources */,
				73C03B1F1DCA17C1000B1C3B /* CSPFBPictureProfile.swift in Sources */,
				73C03B251DCABA7F000B1C3B /* CSPFBCoverPicture.swift in Sources */,
				73D365001DCE695D0083826F /* CSPCurrentUser.swift in Sources */,
				73C03B231DCA324C000B1C3B /* CSPMenuOptions.swift in Sources */,
				731B100F1DB1DDE5008AB810 /* CSPLoginViewController.swift in Sources */,
				087286A41DB66F5C00FB76CA /* CSPFBLoginManeger.swift in Sources */,
				73C03B1D1DCA1656000B1C3B /* CSPFBUser.swift in Sources */,
				737E4FB51DE2993000129A8E /* CSPFBTokenSession.swift in Sources */,
			);
			runOnlyForDeploymentPostprocessing = 0;
		};
		73FE035F1DA1FAC0003C321E /* Sources */ = {
			isa = PBXSourcesBuildPhase;
			buildActionMask = 2147483647;
			files = (
			);
			runOnlyForDeploymentPostprocessing = 0;
		};
		73FE036A1DA1FAC0003C321E /* Sources */ = {
			isa = PBXSourcesBuildPhase;
			buildActionMask = 2147483647;
			files = (
			);
			runOnlyForDeploymentPostprocessing = 0;
		};
/* End PBXSourcesBuildPhase section */

/* Begin PBXTargetDependency section */
		73FE03651DA1FAC0003C321E /* PBXTargetDependency */ = {
			isa = PBXTargetDependency;
			target = 73FE034E1DA1FAC0003C321E /* CSP */;
			targetProxy = 73FE03641DA1FAC0003C321E /* PBXContainerItemProxy */;
		};
		73FE03701DA1FAC0003C321E /* PBXTargetDependency */ = {
			isa = PBXTargetDependency;
			target = 73FE034E1DA1FAC0003C321E /* CSP */;
			targetProxy = 73FE036F1DA1FAC0003C321E /* PBXContainerItemProxy */;
		};
/* End PBXTargetDependency section */

/* Begin PBXVariantGroup section */
		73FE03561DA1FAC0003C321E /* Main.storyboard */ = {
			isa = PBXVariantGroup;
			children = (
				73FE03571DA1FAC0003C321E /* Base */,
			);
			name = Main.storyboard;
			sourceTree = "<group>";
		};
		73FE035B1DA1FAC0003C321E /* LaunchScreen.storyboard */ = {
			isa = PBXVariantGroup;
			children = (
				73FE035C1DA1FAC0003C321E /* Base */,
			);
			name = LaunchScreen.storyboard;
			sourceTree = "<group>";
		};
/* End PBXVariantGroup section */

/* Begin XCBuildConfiguration section */
		73FE03751DA1FAC0003C321E /* Debug */ = {
			isa = XCBuildConfiguration;
			buildSettings = {
				ALWAYS_SEARCH_USER_PATHS = NO;
				CLANG_ANALYZER_NONNULL = YES;
				CLANG_CXX_LANGUAGE_STANDARD = "gnu++0x";
				CLANG_CXX_LIBRARY = "libc++";
				CLANG_ENABLE_MODULES = YES;
				CLANG_ENABLE_OBJC_ARC = YES;
				CLANG_WARN_BOOL_CONVERSION = YES;
				CLANG_WARN_CONSTANT_CONVERSION = YES;
				CLANG_WARN_DIRECT_OBJC_ISA_USAGE = YES_ERROR;
				CLANG_WARN_DOCUMENTATION_COMMENTS = YES;
				CLANG_WARN_EMPTY_BODY = YES;
				CLANG_WARN_ENUM_CONVERSION = YES;
				CLANG_WARN_INFINITE_RECURSION = YES;
				CLANG_WARN_INT_CONVERSION = YES;
				CLANG_WARN_OBJC_ROOT_CLASS = YES_ERROR;
				CLANG_WARN_SUSPICIOUS_MOVE = YES;
				CLANG_WARN_SUSPICIOUS_MOVES = YES;
				CLANG_WARN_UNREACHABLE_CODE = YES;
				CLANG_WARN__DUPLICATE_METHOD_MATCH = YES;
				"CODE_SIGN_IDENTITY[sdk=iphoneos*]" = "iPhone Developer";
				COPY_PHASE_STRIP = NO;
				DEBUG_INFORMATION_FORMAT = dwarf;
				ENABLE_STRICT_OBJC_MSGSEND = YES;
				ENABLE_TESTABILITY = YES;
				GCC_C_LANGUAGE_STANDARD = gnu99;
				GCC_DYNAMIC_NO_PIC = NO;
				GCC_NO_COMMON_BLOCKS = YES;
				GCC_OPTIMIZATION_LEVEL = 0;
				GCC_PREPROCESSOR_DEFINITIONS = (
					"DEBUG=1",
					"$(inherited)",
				);
				GCC_WARN_64_TO_32_BIT_CONVERSION = YES;
				GCC_WARN_ABOUT_RETURN_TYPE = YES_ERROR;
				GCC_WARN_UNDECLARED_SELECTOR = YES;
				GCC_WARN_UNINITIALIZED_AUTOS = YES_AGGRESSIVE;
				GCC_WARN_UNUSED_FUNCTION = YES;
				GCC_WARN_UNUSED_VARIABLE = YES;
				IPHONEOS_DEPLOYMENT_TARGET = 9.0;
				MTL_ENABLE_DEBUG_INFO = YES;
				ONLY_ACTIVE_ARCH = YES;
				SDKROOT = iphoneos;
				SWIFT_ACTIVE_COMPILATION_CONDITIONS = DEBUG;
				SWIFT_OPTIMIZATION_LEVEL = "-Onone";
				SWIFT_VERSION = 3.0;
			};
			name = Debug;
		};
		73FE03761DA1FAC0003C321E /* Release */ = {
			isa = XCBuildConfiguration;
			buildSettings = {
				ALWAYS_SEARCH_USER_PATHS = NO;
				CLANG_ANALYZER_NONNULL = YES;
				CLANG_CXX_LANGUAGE_STANDARD = "gnu++0x";
				CLANG_CXX_LIBRARY = "libc++";
				CLANG_ENABLE_MODULES = YES;
				CLANG_ENABLE_OBJC_ARC = YES;
				CLANG_WARN_BOOL_CONVERSION = YES;
				CLANG_WARN_CONSTANT_CONVERSION = YES;
				CLANG_WARN_DIRECT_OBJC_ISA_USAGE = YES_ERROR;
				CLANG_WARN_DOCUMENTATION_COMMENTS = YES;
				CLANG_WARN_EMPTY_BODY = YES;
				CLANG_WARN_ENUM_CONVERSION = YES;
				CLANG_WARN_INFINITE_RECURSION = YES;
				CLANG_WARN_INT_CONVERSION = YES;
				CLANG_WARN_OBJC_ROOT_CLASS = YES_ERROR;
				CLANG_WARN_SUSPICIOUS_MOVE = YES;
				CLANG_WARN_SUSPICIOUS_MOVES = YES;
				CLANG_WARN_UNREACHABLE_CODE = YES;
				CLANG_WARN__DUPLICATE_METHOD_MATCH = YES;
				"CODE_SIGN_IDENTITY[sdk=iphoneos*]" = "iPhone Developer";
				COPY_PHASE_STRIP = NO;
				DEBUG_INFORMATION_FORMAT = "dwarf-with-dsym";
				ENABLE_NS_ASSERTIONS = NO;
				ENABLE_STRICT_OBJC_MSGSEND = YES;
				GCC_C_LANGUAGE_STANDARD = gnu99;
				GCC_NO_COMMON_BLOCKS = YES;
				GCC_WARN_64_TO_32_BIT_CONVERSION = YES;
				GCC_WARN_ABOUT_RETURN_TYPE = YES_ERROR;
				GCC_WARN_UNDECLARED_SELECTOR = YES;
				GCC_WARN_UNINITIALIZED_AUTOS = YES_AGGRESSIVE;
				GCC_WARN_UNUSED_FUNCTION = YES;
				GCC_WARN_UNUSED_VARIABLE = YES;
				IPHONEOS_DEPLOYMENT_TARGET = 9.0;
				MTL_ENABLE_DEBUG_INFO = NO;
				SDKROOT = iphoneos;
				SWIFT_OPTIMIZATION_LEVEL = "-Owholemodule";
				SWIFT_VERSION = 3.0;
				VALIDATE_PRODUCT = YES;
			};
			name = Release;
		};
		73FE03781DA1FAC0003C321E /* Debug */ = {
			isa = XCBuildConfiguration;
			baseConfigurationReference = D8523586F047514DBD5DCED7 /* Pods-CSP.debug.xcconfig */;
			buildSettings = {
				ALWAYS_EMBED_SWIFT_STANDARD_LIBRARIES = YES;
				ASSETCATALOG_COMPILER_APPICON_NAME = AppIcon;
				CODE_SIGN_ENTITLEMENTS = CSP.entitlements;
				DEVELOPMENT_TEAM = 39N9FX32MH;
				INFOPLIST_FILE = CheckSelfPost/Info.plist;
				IPHONEOS_DEPLOYMENT_TARGET = 10.0;
				LD_RUNPATH_SEARCH_PATHS = "$(inherited) @executable_path/Frameworks";
				PRODUCT_BUNDLE_IDENTIFIER = br.com.csp;
				PRODUCT_NAME = "$(TARGET_NAME)";
				SWIFT_VERSION = 3.0;
				TARGETED_DEVICE_FAMILY = 1;
			};
			name = Debug;
		};
		73FE03791DA1FAC0003C321E /* Release */ = {
			isa = XCBuildConfiguration;
			baseConfigurationReference = 1454B883E65413990343439A /* Pods-CSP.release.xcconfig */;
			buildSettings = {
				ALWAYS_EMBED_SWIFT_STANDARD_LIBRARIES = YES;
				ASSETCATALOG_COMPILER_APPICON_NAME = AppIcon;
				CODE_SIGN_ENTITLEMENTS = CSP.entitlements;
				DEVELOPMENT_TEAM = 39N9FX32MH;
				INFOPLIST_FILE = CheckSelfPost/Info.plist;
				IPHONEOS_DEPLOYMENT_TARGET = 10.0;
				LD_RUNPATH_SEARCH_PATHS = "$(inherited) @executable_path/Frameworks";
				PRODUCT_BUNDLE_IDENTIFIER = br.com.csp;
				PRODUCT_NAME = "$(TARGET_NAME)";
				SWIFT_VERSION = 3.0;
				TARGETED_DEVICE_FAMILY = 1;
			};
			name = Release;
		};
		73FE037B1DA1FAC0003C321E /* Debug */ = {
			isa = XCBuildConfiguration;
			buildSettings = {
				ALWAYS_EMBED_SWIFT_STANDARD_LIBRARIES = YES;
				BUNDLE_LOADER = "$(TEST_HOST)";
				DEVELOPMENT_TEAM = W2JS3YXSKF;
				INFOPLIST_FILE = CheckSelfPostTests/Info.plist;
				LD_RUNPATH_SEARCH_PATHS = "$(inherited) @executable_path/Frameworks @loader_path/Frameworks";
				PRODUCT_BUNDLE_IDENTIFIER = br.com.csp.CheckSelfPostTests;
				PRODUCT_NAME = "$(TARGET_NAME)";
				SWIFT_VERSION = 3.0;
				TEST_HOST = "$(BUILT_PRODUCTS_DIR)/CSP.app/CSP";
			};
			name = Debug;
		};
		73FE037C1DA1FAC0003C321E /* Release */ = {
			isa = XCBuildConfiguration;
			buildSettings = {
				ALWAYS_EMBED_SWIFT_STANDARD_LIBRARIES = YES;
				BUNDLE_LOADER = "$(TEST_HOST)";
				DEVELOPMENT_TEAM = W2JS3YXSKF;
				INFOPLIST_FILE = CheckSelfPostTests/Info.plist;
				LD_RUNPATH_SEARCH_PATHS = "$(inherited) @executable_path/Frameworks @loader_path/Frameworks";
				PRODUCT_BUNDLE_IDENTIFIER = br.com.csp.CheckSelfPostTests;
				PRODUCT_NAME = "$(TARGET_NAME)";
				SWIFT_VERSION = 3.0;
				TEST_HOST = "$(BUILT_PRODUCTS_DIR)/CSP.app/CSP";
			};
			name = Release;
		};
		73FE037E1DA1FAC0003C321E /* Debug */ = {
			isa = XCBuildConfiguration;
			buildSettings = {
				ALWAYS_EMBED_SWIFT_STANDARD_LIBRARIES = YES;
				DEVELOPMENT_TEAM = W2JS3YXSKF;
				INFOPLIST_FILE = CheckSelfPostUITests/Info.plist;
				LD_RUNPATH_SEARCH_PATHS = "$(inherited) @executable_path/Frameworks @loader_path/Frameworks";
				PRODUCT_BUNDLE_IDENTIFIER = br.com.csp.CheckSelfPostUITests;
				PRODUCT_NAME = "$(TARGET_NAME)";
				SWIFT_VERSION = 3.0;
				TEST_TARGET_NAME = CheckSelfPost;
			};
			name = Debug;
		};
		73FE037F1DA1FAC0003C321E /* Release */ = {
			isa = XCBuildConfiguration;
			buildSettings = {
				ALWAYS_EMBED_SWIFT_STANDARD_LIBRARIES = YES;
				DEVELOPMENT_TEAM = W2JS3YXSKF;
				INFOPLIST_FILE = CheckSelfPostUITests/Info.plist;
				LD_RUNPATH_SEARCH_PATHS = "$(inherited) @executable_path/Frameworks @loader_path/Frameworks";
				PRODUCT_BUNDLE_IDENTIFIER = br.com.csp.CheckSelfPostUITests;
				PRODUCT_NAME = "$(TARGET_NAME)";
				SWIFT_VERSION = 3.0;
				TEST_TARGET_NAME = CheckSelfPost;
			};
			name = Release;
		};
/* End XCBuildConfiguration section */

/* Begin XCConfigurationList section */
		73FE034A1DA1FAC0003C321E /* Build configuration list for PBXProject "CSP" */ = {
			isa = XCConfigurationList;
			buildConfigurations = (
				73FE03751DA1FAC0003C321E /* Debug */,
				73FE03761DA1FAC0003C321E /* Release */,
			);
			defaultConfigurationIsVisible = 0;
			defaultConfigurationName = Release;
		};
		73FE03771DA1FAC0003C321E /* Build configuration list for PBXNativeTarget "CSP" */ = {
			isa = XCConfigurationList;
			buildConfigurations = (
				73FE03781DA1FAC0003C321E /* Debug */,
				73FE03791DA1FAC0003C321E /* Release */,
			);
			defaultConfigurationIsVisible = 0;
			defaultConfigurationName = Release;
		};
		73FE037A1DA1FAC0003C321E /* Build configuration list for PBXNativeTarget "CSPTests" */ = {
			isa = XCConfigurationList;
			buildConfigurations = (
				73FE037B1DA1FAC0003C321E /* Debug */,
				73FE037C1DA1FAC0003C321E /* Release */,
			);
			defaultConfigurationIsVisible = 0;
			defaultConfigurationName = Release;
		};
		73FE037D1DA1FAC0003C321E /* Build configuration list for PBXNativeTarget "CSPUITests" */ = {
			isa = XCConfigurationList;
			buildConfigurations = (
				73FE037E1DA1FAC0003C321E /* Debug */,
				73FE037F1DA1FAC0003C321E /* Release */,
			);
			defaultConfigurationIsVisible = 0;
			defaultConfigurationName = Release;
		};
/* End XCConfigurationList section */
	};
	rootObject = 73FE03471DA1FAC0003C321E /* Project object */;
}
