// !$*UTF8*$!
{
	archiveVersion = 1;
	classes = {
	};
	objectVersion = 46;
	objects = {

/* Begin PBXBuildFile section */
		2D2ADB69BE3C2F27D67EF4D4 /* Pods_CheckSelfPostTests.framework in Frameworks */ = {isa = PBXBuildFile; fileRef = A7090F27A279459F1D36D665 /* Pods_CheckSelfPostTests.framework */; };
		731B100F1DB1DDE5008AB810 /* CSPLoginViewController.swift in Sources */ = {isa = PBXBuildFile; fileRef = 731B100E1DB1DDE5008AB810 /* CSPLoginViewController.swift */; };
		73FE03531DA1FAC0003C321E /* AppDelegate.swift in Sources */ = {isa = PBXBuildFile; fileRef = 73FE03521DA1FAC0003C321E /* AppDelegate.swift */; };
		73FE03581DA1FAC0003C321E /* Main.storyboard in Resources */ = {isa = PBXBuildFile; fileRef = 73FE03561DA1FAC0003C321E /* Main.storyboard */; };
		73FE035A1DA1FAC0003C321E /* Assets.xcassets in Resources */ = {isa = PBXBuildFile; fileRef = 73FE03591DA1FAC0003C321E /* Assets.xcassets */; };
		73FE035D1DA1FAC0003C321E /* LaunchScreen.storyboard in Resources */ = {isa = PBXBuildFile; fileRef = 73FE035B1DA1FAC0003C321E /* LaunchScreen.storyboard */; };
		73FE03681DA1FAC0003C321E /* CheckSelfPostTests.swift in Sources */ = {isa = PBXBuildFile; fileRef = 73FE03671DA1FAC0003C321E /* CheckSelfPostTests.swift */; };
		73FE03731DA1FAC0003C321E /* CheckSelfPostUITests.swift in Sources */ = {isa = PBXBuildFile; fileRef = 73FE03721DA1FAC0003C321E /* CheckSelfPostUITests.swift */; };
		D866ABFB7AB02C7A571CDD9F /* Pods_CheckSelfPost.framework in Frameworks */ = {isa = PBXBuildFile; fileRef = 2A01C6FD5D95065C16CF5C93 /* Pods_CheckSelfPost.framework */; };
		FC1102898C08805357BA072F /* Pods_CheckSelfPostUITests.framework in Frameworks */ = {isa = PBXBuildFile; fileRef = 9812B71646601381846778A6 /* Pods_CheckSelfPostUITests.framework */; };
/* End PBXBuildFile section */

/* Begin PBXContainerItemProxy section */
		73FE03641DA1FAC0003C321E /* PBXContainerItemProxy */ = {
			isa = PBXContainerItemProxy;
			containerPortal = 73FE03471DA1FAC0003C321E /* Project object */;
			proxyType = 1;
			remoteGlobalIDString = 73FE034E1DA1FAC0003C321E;
			remoteInfo = CheckSelfPost;
		};
		73FE036F1DA1FAC0003C321E /* PBXContainerItemProxy */ = {
			isa = PBXContainerItemProxy;
			containerPortal = 73FE03471DA1FAC0003C321E /* Project object */;
			proxyType = 1;
			remoteGlobalIDString = 73FE034E1DA1FAC0003C321E;
			remoteInfo = CheckSelfPost;
		};
/* End PBXContainerItemProxy section */

/* Begin PBXFileReference section */
		04947A7D6765C322A4478B17 /* Pods-CheckSelfPostTests.debug.xcconfig */ = {isa = PBXFileReference; includeInIndex = 1; lastKnownFileType = text.xcconfig; name = "Pods-CheckSelfPostTests.debug.xcconfig"; path = "Pods/Target Support Files/Pods-CheckSelfPostTests/Pods-CheckSelfPostTests.debug.xcconfig"; sourceTree = "<group>"; };
		1F404F29FAB99EAEA121717D /* Pods-CheckSelfPostTests.release.xcconfig */ = {isa = PBXFileReference; includeInIndex = 1; lastKnownFileType = text.xcconfig; name = "Pods-CheckSelfPostTests.release.xcconfig"; path = "Pods/Target Support Files/Pods-CheckSelfPostTests/Pods-CheckSelfPostTests.release.xcconfig"; sourceTree = "<group>"; };
		2A01C6FD5D95065C16CF5C93 /* Pods_CheckSelfPost.framework */ = {isa = PBXFileReference; explicitFileType = wrapper.framework; includeInIndex = 0; path = Pods_CheckSelfPost.framework; sourceTree = BUILT_PRODUCTS_DIR; };
		669375BDBD34B3B49A14191E /* Pods-CheckSelfPostUITests.debug.xcconfig */ = {isa = PBXFileReference; includeInIndex = 1; lastKnownFileType = text.xcconfig; name = "Pods-CheckSelfPostUITests.debug.xcconfig"; path = "Pods/Target Support Files/Pods-CheckSelfPostUITests/Pods-CheckSelfPostUITests.debug.xcconfig"; sourceTree = "<group>"; };
		731B100E1DB1DDE5008AB810 /* CSPLoginViewController.swift */ = {isa = PBXFileReference; fileEncoding = 4; lastKnownFileType = sourcecode.swift; lineEnding = 0; path = CSPLoginViewController.swift; sourceTree = "<group>"; xcLanguageSpecificationIdentifier = xcode.lang.swift; };
		73FE034F1DA1FAC0003C321E /* CheckSelfPost.app */ = {isa = PBXFileReference; explicitFileType = wrapper.application; includeInIndex = 0; path = CheckSelfPost.app; sourceTree = BUILT_PRODUCTS_DIR; };
		73FE03521DA1FAC0003C321E /* AppDelegate.swift */ = {isa = PBXFileReference; lastKnownFileType = sourcecode.swift; lineEnding = 0; path = AppDelegate.swift; sourceTree = "<group>"; xcLanguageSpecificationIdentifier = xcode.lang.swift; };
		73FE03571DA1FAC0003C321E /* Base */ = {isa = PBXFileReference; lastKnownFileType = file.storyboard; name = Base; path = Base.lproj/Main.storyboard; sourceTree = "<group>"; };
		73FE03591DA1FAC0003C321E /* Assets.xcassets */ = {isa = PBXFileReference; lastKnownFileType = folder.assetcatalog; path = Assets.xcassets; sourceTree = "<group>"; };
		73FE035C1DA1FAC0003C321E /* Base */ = {isa = PBXFileReference; lastKnownFileType = file.storyboard; name = Base; path = Base.lproj/LaunchScreen.storyboard; sourceTree = "<group>"; };
		73FE035E1DA1FAC0003C321E /* Info.plist */ = {isa = PBXFileReference; lastKnownFileType = text.plist.xml; path = Info.plist; sourceTree = "<group>"; };
		73FE03631DA1FAC0003C321E /* CheckSelfPostTests.xctest */ = {isa = PBXFileReference; explicitFileType = wrapper.cfbundle; includeInIndex = 0; path = CheckSelfPostTests.xctest; sourceTree = BUILT_PRODUCTS_DIR; };
		73FE03671DA1FAC0003C321E /* CheckSelfPostTests.swift */ = {isa = PBXFileReference; lastKnownFileType = sourcecode.swift; lineEnding = 0; path = CheckSelfPostTests.swift; sourceTree = "<group>"; xcLanguageSpecificationIdentifier = xcode.lang.swift; };
		73FE03691DA1FAC0003C321E /* Info.plist */ = {isa = PBXFileReference; lastKnownFileType = text.plist.xml; path = Info.plist; sourceTree = "<group>"; };
		73FE036E1DA1FAC0003C321E /* CheckSelfPostUITests.xctest */ = {isa = PBXFileReference; explicitFileType = wrapper.cfbundle; includeInIndex = 0; path = CheckSelfPostUITests.xctest; sourceTree = BUILT_PRODUCTS_DIR; };
		73FE03721DA1FAC0003C321E /* CheckSelfPostUITests.swift */ = {isa = PBXFileReference; lastKnownFileType = sourcecode.swift; lineEnding = 0; path = CheckSelfPostUITests.swift; sourceTree = "<group>"; xcLanguageSpecificationIdentifier = xcode.lang.swift; };
		73FE03741DA1FAC0003C321E /* Info.plist */ = {isa = PBXFileReference; lastKnownFileType = text.plist.xml; path = Info.plist; sourceTree = "<group>"; };
		8A2EEAC93F6AFFE8C03F29A9 /* Pods-CheckSelfPost.release.xcconfig */ = {isa = PBXFileReference; includeInIndex = 1; lastKnownFileType = text.xcconfig; name = "Pods-CheckSelfPost.release.xcconfig"; path = "Pods/Target Support Files/Pods-CheckSelfPost/Pods-CheckSelfPost.release.xcconfig"; sourceTree = "<group>"; };
		9812B71646601381846778A6 /* Pods_CheckSelfPostUITests.framework */ = {isa = PBXFileReference; explicitFileType = wrapper.framework; includeInIndex = 0; path = Pods_CheckSelfPostUITests.framework; sourceTree = BUILT_PRODUCTS_DIR; };
		A4ECBF8BA096DC2A51E27BDA /* Pods-CheckSelfPost.debug.xcconfig */ = {isa = PBXFileReference; includeInIndex = 1; lastKnownFileType = text.xcconfig; name = "Pods-CheckSelfPost.debug.xcconfig"; path = "Pods/Target Support Files/Pods-CheckSelfPost/Pods-CheckSelfPost.debug.xcconfig"; sourceTree = "<group>"; };
		A7090F27A279459F1D36D665 /* Pods_CheckSelfPostTests.framework */ = {isa = PBXFileReference; explicitFileType = wrapper.framework; includeInIndex = 0; path = Pods_CheckSelfPostTests.framework; sourceTree = BUILT_PRODUCTS_DIR; };
		BF8D7A0B3CB63599F3069720 /* Pods-CheckSelfPostUITests.release.xcconfig */ = {isa = PBXFileReference; includeInIndex = 1; lastKnownFileType = text.xcconfig; name = "Pods-CheckSelfPostUITests.release.xcconfig"; path = "Pods/Target Support Files/Pods-CheckSelfPostUITests/Pods-CheckSelfPostUITests.release.xcconfig"; sourceTree = "<group>"; };
/* End PBXFileReference section */

/* Begin PBXFrameworksBuildPhase section */
		73FE034C1DA1FAC0003C321E /* Frameworks */ = {
			isa = PBXFrameworksBuildPhase;
			buildActionMask = 2147483647;
			files = (
				D866ABFB7AB02C7A571CDD9F /* Pods_CheckSelfPost.framework in Frameworks */,
			);
			runOnlyForDeploymentPostprocessing = 0;
		};
		73FE03601DA1FAC0003C321E /* Frameworks */ = {
			isa = PBXFrameworksBuildPhase;
			buildActionMask = 2147483647;
			files = (
				2D2ADB69BE3C2F27D67EF4D4 /* Pods_CheckSelfPostTests.framework in Frameworks */,
			);
			runOnlyForDeploymentPostprocessing = 0;
		};
		73FE036B1DA1FAC0003C321E /* Frameworks */ = {
			isa = PBXFrameworksBuildPhase;
			buildActionMask = 2147483647;
			files = (
				FC1102898C08805357BA072F /* Pods_CheckSelfPostUITests.framework in Frameworks */,
			);
			runOnlyForDeploymentPostprocessing = 0;
		};
/* End PBXFrameworksBuildPhase section */

/* Begin PBXGroup section */
		731B100B1DB1DD6F008AB810 /* Model */ = {
			isa = PBXGroup;
			children = (
			);
			name = Model;
			sourceTree = "<group>";
		};
		731B100C1DB1DD75008AB810 /* ViewControllers */ = {
			isa = PBXGroup;
			children = (
				731B100E1DB1DDE5008AB810 /* CSPLoginViewController.swift */,
			);
			name = ViewControllers;
			sourceTree = "<group>";
		};
		731B100D1DB1DD82008AB810 /* Services */ = {
			isa = PBXGroup;
			children = (
			);
			name = Services;
			sourceTree = "<group>";
		};
		73FE03461DA1FAC0003C321E = {
			isa = PBXGroup;
			children = (
				73FE03511DA1FAC0003C321E /* CheckSelfPost */,
				73FE03661DA1FAC0003C321E /* CheckSelfPostTests */,
				73FE03711DA1FAC0003C321E /* CheckSelfPostUITests */,
				73FE03501DA1FAC0003C321E /* Products */,
				A2A7574E52870E1BE1ED6D6B /* Pods */,
				BD6F8EE962834E2262F43CDF /* Frameworks */,
			);
			sourceTree = "<group>";
		};
		73FE03501DA1FAC0003C321E /* Products */ = {
			isa = PBXGroup;
			children = (
				73FE034F1DA1FAC0003C321E /* CheckSelfPost.app */,
				73FE03631DA1FAC0003C321E /* CheckSelfPostTests.xctest */,
				73FE036E1DA1FAC0003C321E /* CheckSelfPostUITests.xctest */,
			);
			name = Products;
			sourceTree = "<group>";
		};
		73FE03511DA1FAC0003C321E /* CheckSelfPost */ = {
			isa = PBXGroup;
			children = (
				73FE03521DA1FAC0003C321E /* AppDelegate.swift */,
				731B100B1DB1DD6F008AB810 /* Model */,
				731B100C1DB1DD75008AB810 /* ViewControllers */,
				731B100D1DB1DD82008AB810 /* Services */,
				73FE03561DA1FAC0003C321E /* Main.storyboard */,
				73FE03591DA1FAC0003C321E /* Assets.xcassets */,
				73FE035B1DA1FAC0003C321E /* LaunchScreen.storyboard */,
				73FE035E1DA1FAC0003C321E /* Info.plist */,
			);
			path = CheckSelfPost;
			sourceTree = "<group>";
		};
		73FE03661DA1FAC0003C321E /* CheckSelfPostTests */ = {
			isa = PBXGroup;
			children = (
				73FE03671DA1FAC0003C321E /* CheckSelfPostTests.swift */,
				73FE03691DA1FAC0003C321E /* Info.plist */,
			);
			path = CheckSelfPostTests;
			sourceTree = "<group>";
		};
		73FE03711DA1FAC0003C321E /* CheckSelfPostUITests */ = {
			isa = PBXGroup;
			children = (
				73FE03721DA1FAC0003C321E /* CheckSelfPostUITests.swift */,
				73FE03741DA1FAC0003C321E /* Info.plist */,
			);
			path = CheckSelfPostUITests;
			sourceTree = "<group>";
		};
		A2A7574E52870E1BE1ED6D6B /* Pods */ = {
			isa = PBXGroup;
			children = (
				A4ECBF8BA096DC2A51E27BDA /* Pods-CheckSelfPost.debug.xcconfig */,
				8A2EEAC93F6AFFE8C03F29A9 /* Pods-CheckSelfPost.release.xcconfig */,
				04947A7D6765C322A4478B17 /* Pods-CheckSelfPostTests.debug.xcconfig */,
				1F404F29FAB99EAEA121717D /* Pods-CheckSelfPostTests.release.xcconfig */,
				669375BDBD34B3B49A14191E /* Pods-CheckSelfPostUITests.debug.xcconfig */,
				BF8D7A0B3CB63599F3069720 /* Pods-CheckSelfPostUITests.release.xcconfig */,
			);
			name = Pods;
			sourceTree = "<group>";
		};
		BD6F8EE962834E2262F43CDF /* Frameworks */ = {
			isa = PBXGroup;
			children = (
				2A01C6FD5D95065C16CF5C93 /* Pods_CheckSelfPost.framework */,
				A7090F27A279459F1D36D665 /* Pods_CheckSelfPostTests.framework */,
				9812B71646601381846778A6 /* Pods_CheckSelfPostUITests.framework */,
			);
			name = Frameworks;
			sourceTree = "<group>";
		};
/* End PBXGroup section */

/* Begin PBXNativeTarget section */
		73FE034E1DA1FAC0003C321E /* CheckSelfPost */ = {
			isa = PBXNativeTarget;
			buildConfigurationList = 73FE03771DA1FAC0003C321E /* Build configuration list for PBXNativeTarget "CheckSelfPost" */;
			buildPhases = (
				0B654EC21D5A6202D5EE0BA9 /* [CP] Check Pods Manifest.lock */,
				1C3EAB7C7484BACDD35AB5BD /* [CP] Check Pods Manifest.lock */,
				73FE034B1DA1FAC0003C321E /* Sources */,
				73FE034C1DA1FAC0003C321E /* Frameworks */,
				73FE034D1DA1FAC0003C321E /* Resources */,
				C62FFD97B7BA5E69FF26820F /* [CP] Embed Pods Frameworks */,
				2047C90E4E4055E8C7CDE64C /* [CP] Copy Pods Resources */,
				9600B9FF13D2CD9E1445B41C /* 📦 Embed Pods Frameworks */,
				751C4D81F81F782A68052BAE /* 📦 Copy Pods Resources */,
			);
			buildRules = (
			);
			dependencies = (
			);
			name = CheckSelfPost;
			productName = CheckSelfPost;
			productReference = 73FE034F1DA1FAC0003C321E /* CheckSelfPost.app */;
			productType = "com.apple.product-type.application";
		};
		73FE03621DA1FAC0003C321E /* CheckSelfPostTests */ = {
			isa = PBXNativeTarget;
			buildConfigurationList = 73FE037A1DA1FAC0003C321E /* Build configuration list for PBXNativeTarget "CheckSelfPostTests" */;
			buildPhases = (
				456A44F6E3E083C75B88A3FC /* [CP] Check Pods Manifest.lock */,
				0E609DC7987C0A7BA8A86659 /* [CP] Check Pods Manifest.lock */,
				73FE035F1DA1FAC0003C321E /* Sources */,
				73FE03601DA1FAC0003C321E /* Frameworks */,
				73FE03611DA1FAC0003C321E /* Resources */,
				F7D2EC3401C3228AABE686CD /* [CP] Embed Pods Frameworks */,
				480DF4B966CACD0BC0F6F9BD /* [CP] Copy Pods Resources */,
				7FB47530213055893F28C935 /* 📦 Embed Pods Frameworks */,
				4FBD90EC6D0E25047BA92B4C /* 📦 Copy Pods Resources */,
			);
			buildRules = (
			);
			dependencies = (
				73FE03651DA1FAC0003C321E /* PBXTargetDependency */,
			);
			name = CheckSelfPostTests;
			productName = CheckSelfPostTests;
			productReference = 73FE03631DA1FAC0003C321E /* CheckSelfPostTests.xctest */;
			productType = "com.apple.product-type.bundle.unit-test";
		};
		73FE036D1DA1FAC0003C321E /* CheckSelfPostUITests */ = {
			isa = PBXNativeTarget;
			buildConfigurationList = 73FE037D1DA1FAC0003C321E /* Build configuration list for PBXNativeTarget "CheckSelfPostUITests" */;
			buildPhases = (
				F333C79B5F79738FC8B875B0 /* [CP] Check Pods Manifest.lock */,
				D602C8C33791A8B833113F41 /* [CP] Check Pods Manifest.lock */,
				73FE036A1DA1FAC0003C321E /* Sources */,
				73FE036B1DA1FAC0003C321E /* Frameworks */,
				73FE036C1DA1FAC0003C321E /* Resources */,
				4E39AAE25AB0475ED06E2D28 /* [CP] Copy Pods Resources */,
				B11A46CB59C7A1B577E17EB8 /* 📦 Copy Pods Resources */,
				923786FEBA037D5D1BB705AC /* [CP] Embed Pods Frameworks */,
			);
			buildRules = (
			);
			dependencies = (
				73FE03701DA1FAC0003C321E /* PBXTargetDependency */,
			);
			name = CheckSelfPostUITests;
			productName = CheckSelfPostUITests;
			productReference = 73FE036E1DA1FAC0003C321E /* CheckSelfPostUITests.xctest */;
			productType = "com.apple.product-type.bundle.ui-testing";
		};
/* End PBXNativeTarget section */

/* Begin PBXProject section */
		73FE03471DA1FAC0003C321E /* Project object */ = {
			isa = PBXProject;
			attributes = {
				LastSwiftUpdateCheck = 0800;
				LastUpgradeCheck = 0800;
				ORGANIZATIONNAME = "Renato Machado";
				TargetAttributes = {
					73FE034E1DA1FAC0003C321E = {
						CreatedOnToolsVersion = 8.0;
						DevelopmentTeam = 39N9FX32MH;
						LastSwiftMigration = 0800;
						ProvisioningStyle = Automatic;
					};
					73FE03621DA1FAC0003C321E = {
						CreatedOnToolsVersion = 8.0;
						DevelopmentTeam = W2JS3YXSKF;
						LastSwiftMigration = 0800;
						ProvisioningStyle = Automatic;
						TestTargetID = 73FE034E1DA1FAC0003C321E;
					};
					73FE036D1DA1FAC0003C321E = {
						CreatedOnToolsVersion = 8.0;
						DevelopmentTeam = W2JS3YXSKF;
						LastSwiftMigration = 0800;
						ProvisioningStyle = Automatic;
						TestTargetID = 73FE034E1DA1FAC0003C321E;
					};
				};
			};
			buildConfigurationList = 73FE034A1DA1FAC0003C321E /* Build configuration list for PBXProject "CheckSelfPost" */;
			compatibilityVersion = "Xcode 3.2";
			developmentRegion = English;
			hasScannedForEncodings = 0;
			knownRegions = (
				en,
				Base,
			);
			mainGroup = 73FE03461DA1FAC0003C321E;
			productRefGroup = 73FE03501DA1FAC0003C321E /* Products */;
			projectDirPath = "";
			projectRoot = "";
			targets = (
				73FE034E1DA1FAC0003C321E /* CheckSelfPost */,
				73FE03621DA1FAC0003C321E /* CheckSelfPostTests */,
				73FE036D1DA1FAC0003C321E /* CheckSelfPostUITests */,
			);
		};
/* End PBXProject section */

/* Begin PBXResourcesBuildPhase section */
		73FE034D1DA1FAC0003C321E /* Resources */ = {
			isa = PBXResourcesBuildPhase;
			buildActionMask = 2147483647;
			files = (
				73FE035D1DA1FAC0003C321E /* LaunchScreen.storyboard in Resources */,
				73FE035A1DA1FAC0003C321E /* Assets.xcassets in Resources */,
				73FE03581DA1FAC0003C321E /* Main.storyboard in Resources */,
			);
			runOnlyForDeploymentPostprocessing = 0;
		};
		73FE03611DA1FAC0003C321E /* Resources */ = {
			isa = PBXResourcesBuildPhase;
			buildActionMask = 2147483647;
			files = (
			);
			runOnlyForDeploymentPostprocessing = 0;
		};
		73FE036C1DA1FAC0003C321E /* Resources */ = {
			isa = PBXResourcesBuildPhase;
			buildActionMask = 2147483647;
			files = (
			);
			runOnlyForDeploymentPostprocessing = 0;
		};
/* End PBXResourcesBuildPhase section */

/* Begin PBXShellScriptBuildPhase section */
		0B654EC21D5A6202D5EE0BA9 /* [CP] Check Pods Manifest.lock */ = {
			isa = PBXShellScriptBuildPhase;
			buildActionMask = 2147483647;
			files = (
			);
			inputPaths = (
			);
			name = "[CP] Check Pods Manifest.lock";
			outputPaths = (
			);
			runOnlyForDeploymentPostprocessing = 0;
			shellPath = /bin/sh;
			shellScript = "diff \"${PODS_ROOT}/../Podfile.lock\" \"${PODS_ROOT}/Manifest.lock\" > /dev/null\nif [ $? != 0 ] ; then\n    # print error to STDERR\n    echo \"error: The sandbox is not in sync with the Podfile.lock. Run 'pod install' or update your CocoaPods installation.\" >&2\n    exit 1\nfi\n";
			showEnvVarsInLog = 0;
		};
		0E609DC7987C0A7BA8A86659 /* [CP] Check Pods Manifest.lock */ = {
			isa = PBXShellScriptBuildPhase;
			buildActionMask = 2147483647;
			files = (
			);
			inputPaths = (
			);
			name = "[CP] Check Pods Manifest.lock";
			outputPaths = (
			);
			runOnlyForDeploymentPostprocessing = 0;
			shellPath = /bin/sh;
			shellScript = "diff \"${PODS_ROOT}/../Podfile.lock\" \"${PODS_ROOT}/Manifest.lock\" > /dev/null\nif [[ $? != 0 ]] ; then\n    cat << EOM\nerror: The sandbox is not in sync with the Podfile.lock. Run 'pod install' or update your CocoaPods installation.\nEOM\n    exit 1\nfi\n";
			showEnvVarsInLog = 0;
		};
		1C3EAB7C7484BACDD35AB5BD /* [CP] Check Pods Manifest.lock */ = {
			isa = PBXShellScriptBuildPhase;
			buildActionMask = 2147483647;
			files = (
			);
			inputPaths = (
			);
			name = "[CP] Check Pods Manifest.lock";
			outputPaths = (
			);
			runOnlyForDeploymentPostprocessing = 0;
			shellPath = /bin/sh;
			shellScript = "diff \"${PODS_ROOT}/../Podfile.lock\" \"${PODS_ROOT}/Manifest.lock\" > /dev/null\nif [[ $? != 0 ]] ; then\n    cat << EOM\nerror: The sandbox is not in sync with the Podfile.lock. Run 'pod install' or update your CocoaPods installation.\nEOM\n    exit 1\nfi\n";
			showEnvVarsInLog = 0;
		};
		2047C90E4E4055E8C7CDE64C /* [CP] Copy Pods Resources */ = {
			isa = PBXShellScriptBuildPhase;
			buildActionMask = 2147483647;
			files = (
			);
			inputPaths = (
			);
			name = "[CP] Copy Pods Resources";
			outputPaths = (
			);
			runOnlyForDeploymentPostprocessing = 0;
			shellPath = /bin/sh;
			shellScript = "\"${SRCROOT}/Pods/Target Support Files/Pods-CheckSelfPost/Pods-CheckSelfPost-resources.sh\"\n";
			showEnvVarsInLog = 0;
		};
		456A44F6E3E083C75B88A3FC /* [CP] Check Pods Manifest.lock */ = {
			isa = PBXShellScriptBuildPhase;
			buildActionMask = 2147483647;
			files = (
			);
			inputPaths = (
			);
			name = "[CP] Check Pods Manifest.lock";
			outputPaths = (
			);
			runOnlyForDeploymentPostprocessing = 0;
			shellPath = /bin/sh;
			shellScript = "diff \"${PODS_ROOT}/../Podfile.lock\" \"${PODS_ROOT}/Manifest.lock\" > /dev/null\nif [ $? != 0 ] ; then\n    # print error to STDERR\n    echo \"error: The sandbox is not in sync with the Podfile.lock. Run 'pod install' or update your CocoaPods installation.\" >&2\n    exit 1\nfi\n";
			showEnvVarsInLog = 0;
		};
		480DF4B966CACD0BC0F6F9BD /* [CP] Copy Pods Resources */ = {
			isa = PBXShellScriptBuildPhase;
			buildActionMask = 2147483647;
			files = (
			);
			inputPaths = (
			);
			name = "[CP] Copy Pods Resources";
			outputPaths = (
			);
			runOnlyForDeploymentPostprocessing = 0;
			shellPath = /bin/sh;
			shellScript = "\"${SRCROOT}/Pods/Target Support Files/Pods-CheckSelfPostTests/Pods-CheckSelfPostTests-resources.sh\"\n";
			showEnvVarsInLog = 0;
		};
		4E39AAE25AB0475ED06E2D28 /* [CP] Copy Pods Resources */ = {
			isa = PBXShellScriptBuildPhase;
			buildActionMask = 2147483647;
			files = (
			);
			inputPaths = (
			);
			name = "[CP] Copy Pods Resources";
			outputPaths = (
			);
			runOnlyForDeploymentPostprocessing = 0;
			shellPath = /bin/sh;
			shellScript = "\"${SRCROOT}/Pods/Target Support Files/Pods-CheckSelfPostUITests/Pods-CheckSelfPostUITests-resources.sh\"\n";
			showEnvVarsInLog = 0;
		};
		4FBD90EC6D0E25047BA92B4C /* 📦 Copy Pods Resources */ = {
			isa = PBXShellScriptBuildPhase;
			buildActionMask = 2147483647;
			files = (
			);
			inputPaths = (
			);
			name = "📦 Copy Pods Resources";
			outputPaths = (
			);
			runOnlyForDeploymentPostprocessing = 0;
			shellPath = /bin/sh;
			shellScript = "\"${SRCROOT}/Pods/Target Support Files/Pods-CheckSelfPostTests/Pods-CheckSelfPostTests-resources.sh\"\n";
			showEnvVarsInLog = 0;
		};
		751C4D81F81F782A68052BAE /* 📦 Copy Pods Resources */ = {
			isa = PBXShellScriptBuildPhase;
			buildActionMask = 2147483647;
			files = (
			);
			inputPaths = (
			);
			name = "📦 Copy Pods Resources";
			outputPaths = (
			);
			runOnlyForDeploymentPostprocessing = 0;
			shellPath = /bin/sh;
			shellScript = "\"${SRCROOT}/Pods/Target Support Files/Pods-CheckSelfPost/Pods-CheckSelfPost-resources.sh\"\n";
			showEnvVarsInLog = 0;
		};
		7FB47530213055893F28C935 /* 📦 Embed Pods Frameworks */ = {
			isa = PBXShellScriptBuildPhase;
			buildActionMask = 2147483647;
			files = (
			);
			inputPaths = (
			);
			name = "📦 Embed Pods Frameworks";
			outputPaths = (
			);
			runOnlyForDeploymentPostprocessing = 0;
			shellPath = /bin/sh;
			shellScript = "\"${SRCROOT}/Pods/Target Support Files/Pods-CheckSelfPostTests/Pods-CheckSelfPostTests-frameworks.sh\"\n";
			showEnvVarsInLog = 0;
		};
		923786FEBA037D5D1BB705AC /* [CP] Embed Pods Frameworks */ = {
			isa = PBXShellScriptBuildPhase;
			buildActionMask = 2147483647;
			files = (
			);
			inputPaths = (
			);
			name = "[CP] Embed Pods Frameworks";
			outputPaths = (
			);
			runOnlyForDeploymentPostprocessing = 0;
			shellPath = /bin/sh;
			shellScript = "\"${SRCROOT}/Pods/Target Support Files/Pods-CheckSelfPostUITests/Pods-CheckSelfPostUITests-frameworks.sh\"\n";
			showEnvVarsInLog = 0;
		};
		9600B9FF13D2CD9E1445B41C /* 📦 Embed Pods Frameworks */ = {
			isa = PBXShellScriptBuildPhase;
			buildActionMask = 2147483647;
			files = (
			);
			inputPaths = (
			);
			name = "📦 Embed Pods Frameworks";
			outputPaths = (
			);
			runOnlyForDeploymentPostprocessing = 0;
			shellPath = /bin/sh;
			shellScript = "\"${SRCROOT}/Pods/Target Support Files/Pods-CheckSelfPost/Pods-CheckSelfPost-frameworks.sh\"\n";
			showEnvVarsInLog = 0;
		};
		B11A46CB59C7A1B577E17EB8 /* 📦 Copy Pods Resources */ = {
			isa = PBXShellScriptBuildPhase;
			buildActionMask = 2147483647;
			files = (
			);
			inputPaths = (
			);
			name = "📦 Copy Pods Resources";
			outputPaths = (
			);
			runOnlyForDeploymentPostprocessing = 0;
			shellPath = /bin/sh;
			shellScript = "\"${SRCROOT}/Pods/Target Support Files/Pods-CheckSelfPostUITests/Pods-CheckSelfPostUITests-resources.sh\"\n";
			showEnvVarsInLog = 0;
		};
		C62FFD97B7BA5E69FF26820F /* [CP] Embed Pods Frameworks */ = {
			isa = PBXShellScriptBuildPhase;
			buildActionMask = 2147483647;
			files = (
			);
			inputPaths = (
			);
			name = "[CP] Embed Pods Frameworks";
			outputPaths = (
			);
			runOnlyForDeploymentPostprocessing = 0;
			shellPath = /bin/sh;
			shellScript = "\"${SRCROOT}/Pods/Target Support Files/Pods-CheckSelfPost/Pods-CheckSelfPost-frameworks.sh\"\n";
			showEnvVarsInLog = 0;
		};
		D602C8C33791A8B833113F41 /* [CP] Check Pods Manifest.lock */ = {
			isa = PBXShellScriptBuildPhase;
			buildActionMask = 2147483647;
			files = (
			);
			inputPaths = (
			);
			name = "[CP] Check Pods Manifest.lock";
			outputPaths = (
			);
			runOnlyForDeploymentPostprocessing = 0;
			shellPath = /bin/sh;
			shellScript = "diff \"${PODS_ROOT}/../Podfile.lock\" \"${PODS_ROOT}/Manifest.lock\" > /dev/null\nif [[ $? != 0 ]] ; then\n    cat << EOM\nerror: The sandbox is not in sync with the Podfile.lock. Run 'pod install' or update your CocoaPods installation.\nEOM\n    exit 1\nfi\n";
			showEnvVarsInLog = 0;
		};
		F333C79B5F79738FC8B875B0 /* [CP] Check Pods Manifest.lock */ = {
			isa = PBXShellScriptBuildPhase;
			buildActionMask = 2147483647;
			files = (
			);
			inputPaths = (
			);
			name = "[CP] Check Pods Manifest.lock";
			outputPaths = (
			);
			runOnlyForDeploymentPostprocessing = 0;
			shellPath = /bin/sh;
			shellScript = "diff \"${PODS_ROOT}/../Podfile.lock\" \"${PODS_ROOT}/Manifest.lock\" > /dev/null\nif [ $? != 0 ] ; then\n    # print error to STDERR\n    echo \"error: The sandbox is not in sync with the Podfile.lock. Run 'pod install' or update your CocoaPods installation.\" >&2\n    exit 1\nfi\n";
			showEnvVarsInLog = 0;
		};
		F7D2EC3401C3228AABE686CD /* [CP] Embed Pods Frameworks */ = {
			isa = PBXShellScriptBuildPhase;
			buildActionMask = 2147483647;
			files = (
			);
			inputPaths = (
			);
			name = "[CP] Embed Pods Frameworks";
			outputPaths = (
			);
			runOnlyForDeploymentPostprocessing = 0;
			shellPath = /bin/sh;
			shellScript = "\"${SRCROOT}/Pods/Target Support Files/Pods-CheckSelfPostTests/Pods-CheckSelfPostTests-frameworks.sh\"\n";
			showEnvVarsInLog = 0;
		};
/* End PBXShellScriptBuildPhase section */

/* Begin PBXSourcesBuildPhase section */
		73FE034B1DA1FAC0003C321E /* Sources */ = {
			isa = PBXSourcesBuildPhase;
			buildActionMask = 2147483647;
			files = (
				73FE03531DA1FAC0003C321E /* AppDelegate.swift in Sources */,
				731B100F1DB1DDE5008AB810 /* CSPLoginViewController.swift in Sources */,
			);
			runOnlyForDeploymentPostprocessing = 0;
		};
		73FE035F1DA1FAC0003C321E /* Sources */ = {
			isa = PBXSourcesBuildPhase;
			buildActionMask = 2147483647;
			files = (
				73FE03681DA1FAC0003C321E /* CheckSelfPostTests.swift in Sources */,
			);
			runOnlyForDeploymentPostprocessing = 0;
		};
		73FE036A1DA1FAC0003C321E /* Sources */ = {
			isa = PBXSourcesBuildPhase;
			buildActionMask = 2147483647;
			files = (
				73FE03731DA1FAC0003C321E /* CheckSelfPostUITests.swift in Sources */,
			);
			runOnlyForDeploymentPostprocessing = 0;
		};
/* End PBXSourcesBuildPhase section */

/* Begin PBXTargetDependency section */
		73FE03651DA1FAC0003C321E /* PBXTargetDependency */ = {
			isa = PBXTargetDependency;
			target = 73FE034E1DA1FAC0003C321E /* CheckSelfPost */;
			targetProxy = 73FE03641DA1FAC0003C321E /* PBXContainerItemProxy */;
		};
		73FE03701DA1FAC0003C321E /* PBXTargetDependency */ = {
			isa = PBXTargetDependency;
			target = 73FE034E1DA1FAC0003C321E /* CheckSelfPost */;
			targetProxy = 73FE036F1DA1FAC0003C321E /* PBXContainerItemProxy */;
		};
/* End PBXTargetDependency section */

/* Begin PBXVariantGroup section */
		73FE03561DA1FAC0003C321E /* Main.storyboard */ = {
			isa = PBXVariantGroup;
			children = (
				73FE03571DA1FAC0003C321E /* Base */,
			);
			name = Main.storyboard;
			sourceTree = "<group>";
		};
		73FE035B1DA1FAC0003C321E /* LaunchScreen.storyboard */ = {
			isa = PBXVariantGroup;
			children = (
				73FE035C1DA1FAC0003C321E /* Base */,
			);
			name = LaunchScreen.storyboard;
			sourceTree = "<group>";
		};
/* End PBXVariantGroup section */

/* Begin XCBuildConfiguration section */
		73FE03751DA1FAC0003C321E /* Debug */ = {
			isa = XCBuildConfiguration;
			buildSettings = {
				ALWAYS_SEARCH_USER_PATHS = NO;
				CLANG_ANALYZER_NONNULL = YES;
				CLANG_CXX_LANGUAGE_STANDARD = "gnu++0x";
				CLANG_CXX_LIBRARY = "libc++";
				CLANG_ENABLE_MODULES = YES;
				CLANG_ENABLE_OBJC_ARC = YES;
				CLANG_WARN_BOOL_CONVERSION = YES;
				CLANG_WARN_CONSTANT_CONVERSION = YES;
				CLANG_WARN_DIRECT_OBJC_ISA_USAGE = YES_ERROR;
				CLANG_WARN_DOCUMENTATION_COMMENTS = YES;
				CLANG_WARN_EMPTY_BODY = YES;
				CLANG_WARN_ENUM_CONVERSION = YES;
				CLANG_WARN_INFINITE_RECURSION = YES;
				CLANG_WARN_INT_CONVERSION = YES;
				CLANG_WARN_OBJC_ROOT_CLASS = YES_ERROR;
				CLANG_WARN_SUSPICIOUS_MOVE = YES;
				CLANG_WARN_SUSPICIOUS_MOVES = YES;
				CLANG_WARN_UNREACHABLE_CODE = YES;
				CLANG_WARN__DUPLICATE_METHOD_MATCH = YES;
				"CODE_SIGN_IDENTITY[sdk=iphoneos*]" = "iPhone Developer";
				COPY_PHASE_STRIP = NO;
				DEBUG_INFORMATION_FORMAT = dwarf;
				ENABLE_STRICT_OBJC_MSGSEND = YES;
				ENABLE_TESTABILITY = YES;
				GCC_C_LANGUAGE_STANDARD = gnu99;
				GCC_DYNAMIC_NO_PIC = NO;
				GCC_NO_COMMON_BLOCKS = YES;
				GCC_OPTIMIZATION_LEVEL = 0;
				GCC_PREPROCESSOR_DEFINITIONS = (
					"DEBUG=1",
					"$(inherited)",
				);
				GCC_WARN_64_TO_32_BIT_CONVERSION = YES;
				GCC_WARN_ABOUT_RETURN_TYPE = YES_ERROR;
				GCC_WARN_UNDECLARED_SELECTOR = YES;
				GCC_WARN_UNINITIALIZED_AUTOS = YES_AGGRESSIVE;
				GCC_WARN_UNUSED_FUNCTION = YES;
				GCC_WARN_UNUSED_VARIABLE = YES;
				IPHONEOS_DEPLOYMENT_TARGET = 10.0;
				MTL_ENABLE_DEBUG_INFO = YES;
				ONLY_ACTIVE_ARCH = YES;
				SDKROOT = iphoneos;
				SWIFT_ACTIVE_COMPILATION_CONDITIONS = DEBUG;
				SWIFT_OPTIMIZATION_LEVEL = "-Onone";
				SWIFT_VERSION = 3.0;
			};
			name = Debug;
		};
		73FE03761DA1FAC0003C321E /* Release */ = {
			isa = XCBuildConfiguration;
			buildSettings = {
				ALWAYS_SEARCH_USER_PATHS = NO;
				CLANG_ANALYZER_NONNULL = YES;
				CLANG_CXX_LANGUAGE_STANDARD = "gnu++0x";
				CLANG_CXX_LIBRARY = "libc++";
				CLANG_ENABLE_MODULES = YES;
				CLANG_ENABLE_OBJC_ARC = YES;
				CLANG_WARN_BOOL_CONVERSION = YES;
				CLANG_WARN_CONSTANT_CONVERSION = YES;
				CLANG_WARN_DIRECT_OBJC_ISA_USAGE = YES_ERROR;
				CLANG_WARN_DOCUMENTATION_COMMENTS = YES;
				CLANG_WARN_EMPTY_BODY = YES;
				CLANG_WARN_ENUM_CONVERSION = YES;
				CLANG_WARN_INFINITE_RECURSION = YES;
				CLANG_WARN_INT_CONVERSION = YES;
				CLANG_WARN_OBJC_ROOT_CLASS = YES_ERROR;
				CLANG_WARN_SUSPICIOUS_MOVE = YES;
				CLANG_WARN_SUSPICIOUS_MOVES = YES;
				CLANG_WARN_UNREACHABLE_CODE = YES;
				CLANG_WARN__DUPLICATE_METHOD_MATCH = YES;
				"CODE_SIGN_IDENTITY[sdk=iphoneos*]" = "iPhone Developer";
				COPY_PHASE_STRIP = NO;
				DEBUG_INFORMATION_FORMAT = "dwarf-with-dsym";
				ENABLE_NS_ASSERTIONS = NO;
				ENABLE_STRICT_OBJC_MSGSEND = YES;
				GCC_C_LANGUAGE_STANDARD = gnu99;
				GCC_NO_COMMON_BLOCKS = YES;
				GCC_WARN_64_TO_32_BIT_CONVERSION = YES;
				GCC_WARN_ABOUT_RETURN_TYPE = YES_ERROR;
				GCC_WARN_UNDECLARED_SELECTOR = YES;
				GCC_WARN_UNINITIALIZED_AUTOS = YES_AGGRESSIVE;
				GCC_WARN_UNUSED_FUNCTION = YES;
				GCC_WARN_UNUSED_VARIABLE = YES;
				IPHONEOS_DEPLOYMENT_TARGET = 10.0;
				MTL_ENABLE_DEBUG_INFO = NO;
				SDKROOT = iphoneos;
				SWIFT_OPTIMIZATION_LEVEL = "-Owholemodule";
				SWIFT_VERSION = 3.0;
				VALIDATE_PRODUCT = YES;
			};
			name = Release;
		};
		73FE03781DA1FAC0003C321E /* Debug */ = {
			isa = XCBuildConfiguration;
			baseConfigurationReference = A4ECBF8BA096DC2A51E27BDA /* Pods-CheckSelfPost.debug.xcconfig */;
			buildSettings = {
				ALWAYS_EMBED_SWIFT_STANDARD_LIBRARIES = YES;
				ASSETCATALOG_COMPILER_APPICON_NAME = AppIcon;
				DEVELOPMENT_TEAM = 39N9FX32MH;
				INFOPLIST_FILE = CheckSelfPost/Info.plist;
				IPHONEOS_DEPLOYMENT_TARGET = 9.0;
				LD_RUNPATH_SEARCH_PATHS = "$(inherited) @executable_path/Frameworks";
				PRODUCT_BUNDLE_IDENTIFIER = br.com.csp;
				PRODUCT_NAME = "$(TARGET_NAME)";
				SWIFT_VERSION = 3.0;
				TARGETED_DEVICE_FAMILY = "1,2";
			};
			name = Debug;
		};
		73FE03791DA1FAC0003C321E /* Release */ = {
			isa = XCBuildConfiguration;
			baseConfigurationReference = 8A2EEAC93F6AFFE8C03F29A9 /* Pods-CheckSelfPost.release.xcconfig */;
			buildSettings = {
				ALWAYS_EMBED_SWIFT_STANDARD_LIBRARIES = YES;
				ASSETCATALOG_COMPILER_APPICON_NAME = AppIcon;
				DEVELOPMENT_TEAM = 39N9FX32MH;
				INFOPLIST_FILE = CheckSelfPost/Info.plist;
				IPHONEOS_DEPLOYMENT_TARGET = 9.0;
				LD_RUNPATH_SEARCH_PATHS = "$(inherited) @executable_path/Frameworks";
				PRODUCT_BUNDLE_IDENTIFIER = br.com.csp;
				PRODUCT_NAME = "$(TARGET_NAME)";
				SWIFT_VERSION = 3.0;
				TARGETED_DEVICE_FAMILY = "1,2";
			};
			name = Release;
		};
		73FE037B1DA1FAC0003C321E /* Debug */ = {
			isa = XCBuildConfiguration;
			baseConfigurationReference = 04947A7D6765C322A4478B17 /* Pods-CheckSelfPostTests.debug.xcconfig */;
			buildSettings = {
				ALWAYS_EMBED_SWIFT_STANDARD_LIBRARIES = YES;
				BUNDLE_LOADER = "$(TEST_HOST)";
				DEVELOPMENT_TEAM = W2JS3YXSKF;
				INFOPLIST_FILE = CheckSelfPostTests/Info.plist;
				LD_RUNPATH_SEARCH_PATHS = "$(inherited) @executable_path/Frameworks @loader_path/Frameworks";
				PRODUCT_BUNDLE_IDENTIFIER = br.com.csp.CheckSelfPostTests;
				PRODUCT_NAME = "$(TARGET_NAME)";
				SWIFT_VERSION = 3.0;
				TEST_HOST = "$(BUILT_PRODUCTS_DIR)/CheckSelfPost.app/CheckSelfPost";
			};
			name = Debug;
		};
		73FE037C1DA1FAC0003C321E /* Release */ = {
			isa = XCBuildConfiguration;
			baseConfigurationReference = 1F404F29FAB99EAEA121717D /* Pods-CheckSelfPostTests.release.xcconfig */;
			buildSettings = {
				ALWAYS_EMBED_SWIFT_STANDARD_LIBRARIES = YES;
				BUNDLE_LOADER = "$(TEST_HOST)";
				DEVELOPMENT_TEAM = W2JS3YXSKF;
				INFOPLIST_FILE = CheckSelfPostTests/Info.plist;
				LD_RUNPATH_SEARCH_PATHS = "$(inherited) @executable_path/Frameworks @loader_path/Frameworks";
				PRODUCT_BUNDLE_IDENTIFIER = br.com.csp.CheckSelfPostTests;
				PRODUCT_NAME = "$(TARGET_NAME)";
				SWIFT_VERSION = 3.0;
				TEST_HOST = "$(BUILT_PRODUCTS_DIR)/CheckSelfPost.app/CheckSelfPost";
			};
			name = Release;
		};
		73FE037E1DA1FAC0003C321E /* Debug */ = {
			isa = XCBuildConfiguration;
			baseConfigurationReference = 669375BDBD34B3B49A14191E /* Pods-CheckSelfPostUITests.debug.xcconfig */;
			buildSettings = {
				ALWAYS_EMBED_SWIFT_STANDARD_LIBRARIES = YES;
				DEVELOPMENT_TEAM = W2JS3YXSKF;
				INFOPLIST_FILE = CheckSelfPostUITests/Info.plist;
				LD_RUNPATH_SEARCH_PATHS = "$(inherited) @executable_path/Frameworks @loader_path/Frameworks";
				PRODUCT_BUNDLE_IDENTIFIER = br.com.csp.CheckSelfPostUITests;
				PRODUCT_NAME = "$(TARGET_NAME)";
				SWIFT_VERSION = 3.0;
				TEST_TARGET_NAME = CheckSelfPost;
			};
			name = Debug;
		};
		73FE037F1DA1FAC0003C321E /* Release */ = {
			isa = XCBuildConfiguration;
			baseConfigurationReference = BF8D7A0B3CB63599F3069720 /* Pods-CheckSelfPostUITests.release.xcconfig */;
			buildSettings = {
				ALWAYS_EMBED_SWIFT_STANDARD_LIBRARIES = YES;
				DEVELOPMENT_TEAM = W2JS3YXSKF;
				INFOPLIST_FILE = CheckSelfPostUITests/Info.plist;
				LD_RUNPATH_SEARCH_PATHS = "$(inherited) @executable_path/Frameworks @loader_path/Frameworks";
				PRODUCT_BUNDLE_IDENTIFIER = br.com.csp.CheckSelfPostUITests;
				PRODUCT_NAME = "$(TARGET_NAME)";
				SWIFT_VERSION = 3.0;
				TEST_TARGET_NAME = CheckSelfPost;
			};
			name = Release;
		};
/* End XCBuildConfiguration section */

/* Begin XCConfigurationList section */
		73FE034A1DA1FAC0003C321E /* Build configuration list for PBXProject "CheckSelfPost" */ = {
			isa = XCConfigurationList;
			buildConfigurations = (
				73FE03751DA1FAC0003C321E /* Debug */,
				73FE03761DA1FAC0003C321E /* Release */,
			);
			defaultConfigurationIsVisible = 0;
			defaultConfigurationName = Release;
		};
		73FE03771DA1FAC0003C321E /* Build configuration list for PBXNativeTarget "CheckSelfPost" */ = {
			isa = XCConfigurationList;
			buildConfigurations = (
				73FE03781DA1FAC0003C321E /* Debug */,
				73FE03791DA1FAC0003C321E /* Release */,
			);
			defaultConfigurationIsVisible = 0;
			defaultConfigurationName = Release;
		};
		73FE037A1DA1FAC0003C321E /* Build configuration list for PBXNativeTarget "CheckSelfPostTests" */ = {
			isa = XCConfigurationList;
			buildConfigurations = (
				73FE037B1DA1FAC0003C321E /* Debug */,
				73FE037C1DA1FAC0003C321E /* Release */,
			);
			defaultConfigurationIsVisible = 0;
			defaultConfigurationName = Release;
		};
		73FE037D1DA1FAC0003C321E /* Build configuration list for PBXNativeTarget "CheckSelfPostUITests" */ = {
			isa = XCConfigurationList;
			buildConfigurations = (
				73FE037E1DA1FAC0003C321E /* Debug */,
				73FE037F1DA1FAC0003C321E /* Release */,
			);
			defaultConfigurationIsVisible = 0;
			defaultConfigurationName = Release;
		};
/* End XCConfigurationList section */
	};
	rootObject = 73FE03471DA1FAC0003C321E /* Project object */;
}
